
Microsoft Visual Studio Solution File, Format Version 12.00
# Visual Studio 15
VisualStudioVersion = 15.0.26730.16
MinimumVisualStudioVersion = 10.0.40219.1
Project("{FAE04EC0-301F-11D3-BF4B-00C04F79EFBC}") = "MinesweeperSolver.GameSimulator", "src\MinesweeperSolver.GameSimulator\MinesweeperSolver.GameSimulator.csproj", "{9405DAA6-0BB5-4D25-B701-6B1461F20EB1}"
EndProject
Global
	GlobalSection(SolutionConfigurationPlatforms) = preSolution
		Debug|Any CPU = Debug|Any CPU
		Release|Any CPU = Release|Any CPU
	EndGlobalSection
	GlobalSection(ProjectConfigurationPlatforms) = postSolution
		{9405DAA6-0BB5-4D25-B701-6B1461F20EB1}.Debug|Any CPU.ActiveCfg = Debug|Any CPU
		{9405DAA6-0BB5-4D25-B701-6B1461F20EB1}.Debug|Any CPU.Build.0 = Debug|Any CPU
		{9405DAA6-0BB5-4D25-B701-6B1461F20EB1}.Release|Any CPU.ActiveCfg = Release|Any CPU
		{9405DAA6-0BB5-4D25-B701-6B1461F20EB1}.Release|Any CPU.Build.0 = Release|Any CPU
	EndGlobalSection
	GlobalSection(SolutionProperties) = preSolution
		HideSolutionNode = FALSE
	EndGlobalSection
	GlobalSection(ExtensibilityGlobals) = postSolution
		SolutionGuid = {3E36C718-573D-4084-8784-DB4A0521548B}
	EndGlobalSection
EndGlobal
